// !$*UTF8*$!
{
	archiveVersion = 1;
	classes = {
	};
	objectVersion = 46;
	objects = {

/* Begin PBXBuildFile section */
		392221C6163CAB140003352E /* PutIOFolderPicker.m in Sources */ = {isa = PBXBuildFile; fileRef = 392221C4163CAB140003352E /* PutIOFolderPicker.m */; };
		392221C7163CAB140003352E /* PutIOFolderPicker.xib in Resources */ = {isa = PBXBuildFile; fileRef = 392221C5163CAB140003352E /* PutIOFolderPicker.xib */; };
		392221CB163CB1190003352E /* PutIOAPIFile.m in Sources */ = {isa = PBXBuildFile; fileRef = 392221CA163CB1190003352E /* PutIOAPIFile.m */; };
		3935CA7616376A94004BA671 /* PutIOAPIAccountInfo.m in Sources */ = {isa = PBXBuildFile; fileRef = 3935CA7516376A94004BA671 /* PutIOAPIAccountInfo.m */; };
		39452132163C8CC300AA7001 /* systemFolder.png in Resources */ = {isa = PBXBuildFile; fileRef = 39452131163C8CC300AA7001 /* systemFolder.png */; };
		39452135163C8CFA00AA7001 /* putioFolder.png in Resources */ = {isa = PBXBuildFile; fileRef = 39452134163C8CFA00AA7001 /* putioFolder.png */; };
		39452137163C8DE200AA7001 /* syncRightArrow.png in Resources */ = {isa = PBXBuildFile; fileRef = 39452136163C8DE200AA7001 /* syncRightArrow.png */; };
		3986C5BE163857C400F19764 /* SyncPreferences.m in Sources */ = {isa = PBXBuildFile; fileRef = 3986C5BC163857C400F19764 /* SyncPreferences.m */; };
		3986C5BF163857C400F19764 /* SyncPreferences.xib in Resources */ = {isa = PBXBuildFile; fileRef = 3986C5BD163857C400F19764 /* SyncPreferences.xib */; };
		3993ABCD163AC97B0020AE61 /* SyncInstruction.m in Sources */ = {isa = PBXBuildFile; fileRef = 3993ABCC163AC97B0020AE61 /* SyncInstruction.m */; };
		3993ABD1163AD36A0020AE61 /* SyncInstructionEditor.m in Sources */ = {isa = PBXBuildFile; fileRef = 3993ABCF163AD36A0020AE61 /* SyncInstructionEditor.m */; };
		3993ABD2163AD36A0020AE61 /* SyncInstructionEditor.xib in Resources */ = {isa = PBXBuildFile; fileRef = 3993ABD0163AD36A0020AE61 /* SyncInstructionEditor.xib */; };
		39C51FC816343FBA006BD1C8 /* TransfersPanel.m in Sources */ = {isa = PBXBuildFile; fileRef = 39C51FC716343FBA006BD1C8 /* TransfersPanel.m */; };
		39C51FCB16344ED0006BD1C8 /* UserDefaults.plist in Resources */ = {isa = PBXBuildFile; fileRef = 39C51FCA16344ED0006BD1C8 /* UserDefaults.plist */; };
		39C51FCD16345B81006BD1C8 /* WebKit.framework in Frameworks */ = {isa = PBXBuildFile; fileRef = 39C51FCC16345B81006BD1C8 /* WebKit.framework */; };
		39C51FD41634A127006BD1C8 /* PutIOAPIObject.m in Sources */ = {isa = PBXBuildFile; fileRef = 39C51FD31634A127006BD1C8 /* PutIOAPIObject.m */; };
		39C51FD71634A924006BD1C8 /* logo.png in Resources */ = {isa = PBXBuildFile; fileRef = 39C51FD61634A924006BD1C8 /* logo.png */; };
		39F1C8C4163D9E0100AD5E1A /* syncIcon.png in Resources */ = {isa = PBXBuildFile; fileRef = 39F1C8C3163D9E0100AD5E1A /* syncIcon.png */; };
		39F1C8C7163DAE0F00AD5E1A /* grayPanelIcon.png in Resources */ = {isa = PBXBuildFile; fileRef = 39F1C8C6163DAE0F00AD5E1A /* grayPanelIcon.png */; };
		39F1C8C9163DB0FC00AD5E1A /* panelSeparator.png in Resources */ = {isa = PBXBuildFile; fileRef = 39F1C8C8163DB0FC00AD5E1A /* panelSeparator.png */; };
		39F87441163427D600D9026F /* PutIOAPI.m in Sources */ = {isa = PBXBuildFile; fileRef = 39F87440163427D600D9026F /* PutIOAPI.m */; };
		39F874431634290400D9026F /* AccountSetupController.xib in Resources */ = {isa = PBXBuildFile; fileRef = 39F874421634290400D9026F /* AccountSetupController.xib */; };
		39F8744616342D9000D9026F /* AccountSetupController.m in Sources */ = {isa = PBXBuildFile; fileRef = 39F8744516342D9000D9026F /* AccountSetupController.m */; };
		39F874481634320600D9026F /* Preferences.xib in Resources */ = {isa = PBXBuildFile; fileRef = 39F874471634320600D9026F /* Preferences.xib */; };
		39F8745A1634375D00D9026F /* MASPreferencesWindow.xib in Resources */ = {isa = PBXBuildFile; fileRef = 39F874581634375D00D9026F /* MASPreferencesWindow.xib */; };
		39F8745B1634375D00D9026F /* MASPreferencesWindowController.m in Sources */ = {isa = PBXBuildFile; fileRef = 39F874591634375D00D9026F /* MASPreferencesWindowController.m */; };
		39F874661634386300D9026F /* GeneralPreferences.m in Sources */ = {isa = PBXBuildFile; fileRef = 39F874611634386300D9026F /* GeneralPreferences.m */; };
		39F874671634386300D9026F /* GeneralPreferences.xib in Resources */ = {isa = PBXBuildFile; fileRef = 39F874621634386300D9026F /* GeneralPreferences.xib */; };
		39F874681634386300D9026F /* AccountPreferences.m in Sources */ = {isa = PBXBuildFile; fileRef = 39F874641634386300D9026F /* AccountPreferences.m */; };
		39F874691634386300D9026F /* AccountPreferences.xib in Resources */ = {isa = PBXBuildFile; fileRef = 39F874651634386300D9026F /* AccountPreferences.xib */; };
		DD4F7C0913C30F9F00825C6E /* Cocoa.framework in Frameworks */ = {isa = PBXBuildFile; fileRef = DD4F7C0813C30F9F00825C6E /* Cocoa.framework */; };
		DD4F7C1513C30F9F00825C6E /* main.m in Sources */ = {isa = PBXBuildFile; fileRef = DD4F7C1413C30F9F00825C6E /* main.m */; };
		DD4F7C1C13C30F9F00825C6E /* ApplicationDelegate.m in Sources */ = {isa = PBXBuildFile; fileRef = DD4F7C1B13C30F9F00825C6E /* ApplicationDelegate.m */; };
		DD4F7C1F13C30F9F00825C6E /* MainMenu.xib in Resources */ = {isa = PBXBuildFile; fileRef = DD4F7C1D13C30F9F00825C6E /* MainMenu.xib */; };
		DD4F7C3813C317A500825C6E /* MenubarController.m in Sources */ = {isa = PBXBuildFile; fileRef = DD4F7C3713C317A500825C6E /* MenubarController.m */; };
		DD4F7C3C13C3180800825C6E /* StatusItemView.m in Sources */ = {isa = PBXBuildFile; fileRef = DD4F7C3B13C3180800825C6E /* StatusItemView.m */; };
		DD4F7C3F13C318D600825C6E /* PanelController.m in Sources */ = {isa = PBXBuildFile; fileRef = DD4F7C3E13C318D600825C6E /* PanelController.m */; };
		DD4F7C4113C31B4A00825C6E /* TransfersPanel.xib in Resources */ = {isa = PBXBuildFile; fileRef = DD4F7C4013C31B4A00825C6E /* TransfersPanel.xib */; };
		DD4F7C4413C31BD200825C6E /* Panel.m in Sources */ = {isa = PBXBuildFile; fileRef = DD4F7C4313C31BD200825C6E /* Panel.m */; };
		DD4F7C4713C3208500825C6E /* BackgroundView.m in Sources */ = {isa = PBXBuildFile; fileRef = DD4F7C4613C3208500825C6E /* BackgroundView.m */; };
		DD4F7C4B13C322FA00825C6E /* Status.png in Resources */ = {isa = PBXBuildFile; fileRef = DD4F7C4913C322FA00825C6E /* Status.png */; };
		DD4F7C4C13C322FA00825C6E /* StatusHighlighted.png in Resources */ = {isa = PBXBuildFile; fileRef = DD4F7C4A13C322FA00825C6E /* StatusHighlighted.png */; };
/* End PBXBuildFile section */

/* Begin PBXFileReference section */
		392221C3163CAB140003352E /* PutIOFolderPicker.h */ = {isa = PBXFileReference; fileEncoding = 4; lastKnownFileType = sourcecode.c.h; path = PutIOFolderPicker.h; sourceTree = "<group>"; };
		392221C4163CAB140003352E /* PutIOFolderPicker.m */ = {isa = PBXFileReference; fileEncoding = 4; lastKnownFileType = sourcecode.c.objc; path = PutIOFolderPicker.m; sourceTree = "<group>"; };
		392221C5163CAB140003352E /* PutIOFolderPicker.xib */ = {isa = PBXFileReference; fileEncoding = 4; lastKnownFileType = file.xib; path = PutIOFolderPicker.xib; sourceTree = "<group>"; };
		392221C9163CB1190003352E /* PutIOAPIFile.h */ = {isa = PBXFileReference; fileEncoding = 4; lastKnownFileType = sourcecode.c.h; name = PutIOAPIFile.h; path = PutIOAPI/PutIOAPIFile.h; sourceTree = "<group>"; };
		392221CA163CB1190003352E /* PutIOAPIFile.m */ = {isa = PBXFileReference; fileEncoding = 4; lastKnownFileType = sourcecode.c.objc; name = PutIOAPIFile.m; path = PutIOAPI/PutIOAPIFile.m; sourceTree = "<group>"; };
		3935CA7416376A94004BA671 /* PutIOAPIAccountInfo.h */ = {isa = PBXFileReference; fileEncoding = 4; lastKnownFileType = sourcecode.c.h; name = PutIOAPIAccountInfo.h; path = PutIOAPI/PutIOAPIAccountInfo.h; sourceTree = "<group>"; };
		3935CA7516376A94004BA671 /* PutIOAPIAccountInfo.m */ = {isa = PBXFileReference; fileEncoding = 4; lastKnownFileType = sourcecode.c.objc; name = PutIOAPIAccountInfo.m; path = PutIOAPI/PutIOAPIAccountInfo.m; sourceTree = "<group>"; };
		39452131163C8CC300AA7001 /* systemFolder.png */ = {isa = PBXFileReference; lastKnownFileType = image.png; path = systemFolder.png; sourceTree = "<group>"; };
		39452134163C8CFA00AA7001 /* putioFolder.png */ = {isa = PBXFileReference; lastKnownFileType = image.png; path = putioFolder.png; sourceTree = "<group>"; };
		39452136163C8DE200AA7001 /* syncRightArrow.png */ = {isa = PBXFileReference; lastKnownFileType = image.png; path = syncRightArrow.png; sourceTree = "<group>"; };
		3986C5BB163857C400F19764 /* SyncPreferences.h */ = {isa = PBXFileReference; fileEncoding = 4; lastKnownFileType = sourcecode.c.h; path = SyncPreferences.h; sourceTree = "<group>"; };
		3986C5BC163857C400F19764 /* SyncPreferences.m */ = {isa = PBXFileReference; fileEncoding = 4; lastKnownFileType = sourcecode.c.objc; path = SyncPreferences.m; sourceTree = "<group>"; };
		3986C5BD163857C400F19764 /* SyncPreferences.xib */ = {isa = PBXFileReference; fileEncoding = 4; lastKnownFileType = file.xib; path = SyncPreferences.xib; sourceTree = "<group>"; };
		3993ABCB163AC97B0020AE61 /* SyncInstruction.h */ = {isa = PBXFileReference; fileEncoding = 4; lastKnownFileType = sourcecode.c.h; name = SyncInstruction.h; path = Popup/SyncInstruction.h; sourceTree = "<group>"; };
		3993ABCC163AC97B0020AE61 /* SyncInstruction.m */ = {isa = PBXFileReference; fileEncoding = 4; lastKnownFileType = sourcecode.c.objc; name = SyncInstruction.m; path = Popup/SyncInstruction.m; sourceTree = "<group>"; };
		3993ABCE163AD36A0020AE61 /* SyncInstructionEditor.h */ = {isa = PBXFileReference; fileEncoding = 4; lastKnownFileType = sourcecode.c.h; path = SyncInstructionEditor.h; sourceTree = "<group>"; };
		3993ABCF163AD36A0020AE61 /* SyncInstructionEditor.m */ = {isa = PBXFileReference; fileEncoding = 4; lastKnownFileType = sourcecode.c.objc; path = SyncInstructionEditor.m; sourceTree = "<group>"; };
		3993ABD0163AD36A0020AE61 /* SyncInstructionEditor.xib */ = {isa = PBXFileReference; fileEncoding = 4; lastKnownFileType = file.xib; path = SyncInstructionEditor.xib; sourceTree = "<group>"; };
		39C51FC616343FBA006BD1C8 /* TransfersPanel.h */ = {isa = PBXFileReference; fileEncoding = 4; lastKnownFileType = sourcecode.c.h; path = TransfersPanel.h; sourceTree = "<group>"; };
		39C51FC716343FBA006BD1C8 /* TransfersPanel.m */ = {isa = PBXFileReference; fileEncoding = 4; lastKnownFileType = sourcecode.c.objc; path = TransfersPanel.m; sourceTree = "<group>"; };
		39C51FCA16344ED0006BD1C8 /* UserDefaults.plist */ = {isa = PBXFileReference; fileEncoding = 4; lastKnownFileType = text.plist.xml; path = UserDefaults.plist; sourceTree = "<group>"; };
		39C51FCC16345B81006BD1C8 /* WebKit.framework */ = {isa = PBXFileReference; lastKnownFileType = wrapper.framework; name = WebKit.framework; path = System/Library/Frameworks/WebKit.framework; sourceTree = SDKROOT; };
		39C51FD21634A127006BD1C8 /* PutIOAPIObject.h */ = {isa = PBXFileReference; fileEncoding = 4; lastKnownFileType = sourcecode.c.h; name = PutIOAPIObject.h; path = PutIOAPI/PutIOAPIObject.h; sourceTree = "<group>"; };
		39C51FD31634A127006BD1C8 /* PutIOAPIObject.m */ = {isa = PBXFileReference; fileEncoding = 4; lastKnownFileType = sourcecode.c.objc; name = PutIOAPIObject.m; path = PutIOAPI/PutIOAPIObject.m; sourceTree = "<group>"; };
		39C51FD61634A924006BD1C8 /* logo.png */ = {isa = PBXFileReference; lastKnownFileType = image.png; path = logo.png; sourceTree = "<group>"; };
		39F1C8C3163D9E0100AD5E1A /* syncIcon.png */ = {isa = PBXFileReference; lastKnownFileType = image.png; path = syncIcon.png; sourceTree = "<group>"; };
		39F1C8C6163DAE0F00AD5E1A /* grayPanelIcon.png */ = {isa = PBXFileReference; lastKnownFileType = image.png; path = grayPanelIcon.png; sourceTree = "<group>"; };
		39F1C8C8163DB0FC00AD5E1A /* panelSeparator.png */ = {isa = PBXFileReference; lastKnownFileType = image.png; path = panelSeparator.png; sourceTree = "<group>"; };
		39F8743F163427D600D9026F /* PutIOAPI.h */ = {isa = PBXFileReference; fileEncoding = 4; lastKnownFileType = sourcecode.c.h; name = PutIOAPI.h; path = PutIOAPI/PutIOAPI.h; sourceTree = "<group>"; };
		39F87440163427D600D9026F /* PutIOAPI.m */ = {isa = PBXFileReference; fileEncoding = 4; lastKnownFileType = sourcecode.c.objc; name = PutIOAPI.m; path = PutIOAPI/PutIOAPI.m; sourceTree = "<group>"; };
		39F874421634290400D9026F /* AccountSetupController.xib */ = {isa = PBXFileReference; fileEncoding = 4; lastKnownFileType = file.xib; name = AccountSetupController.xib; path = ../AccountSetupController.xib; sourceTree = "<group>"; };
		39F8744416342D9000D9026F /* AccountSetupController.h */ = {isa = PBXFileReference; fileEncoding = 4; lastKnownFileType = sourcecode.c.h; path = AccountSetupController.h; sourceTree = "<group>"; };
		39F8744516342D9000D9026F /* AccountSetupController.m */ = {isa = PBXFileReference; fileEncoding = 4; lastKnownFileType = sourcecode.c.objc; path = AccountSetupController.m; sourceTree = "<group>"; };
		39F874471634320600D9026F /* Preferences.xib */ = {isa = PBXFileReference; fileEncoding = 4; lastKnownFileType = file.xib; path = Preferences.xib; sourceTree = "<group>"; };
		39F874561634375D00D9026F /* MASPreferencesViewController.h */ = {isa = PBXFileReference; fileEncoding = 4; lastKnownFileType = sourcecode.c.h; path = MASPreferencesViewController.h; sourceTree = "<group>"; };
		39F874571634375D00D9026F /* MASPreferencesWindowController.h */ = {isa = PBXFileReference; fileEncoding = 4; lastKnownFileType = sourcecode.c.h; path = MASPreferencesWindowController.h; sourceTree = "<group>"; };
		39F874581634375D00D9026F /* MASPreferencesWindow.xib */ = {isa = PBXFileReference; fileEncoding = 4; lastKnownFileType = file.xib; path = MASPreferencesWindow.xib; sourceTree = "<group>"; };
		39F874591634375D00D9026F /* MASPreferencesWindowController.m */ = {isa = PBXFileReference; fileEncoding = 4; lastKnownFileType = sourcecode.c.objc; path = MASPreferencesWindowController.m; sourceTree = "<group>"; };
		39F874601634386300D9026F /* GeneralPreferences.h */ = {isa = PBXFileReference; fileEncoding = 4; lastKnownFileType = sourcecode.c.h; path = GeneralPreferences.h; sourceTree = "<group>"; };
		39F874611634386300D9026F /* GeneralPreferences.m */ = {isa = PBXFileReference; fileEncoding = 4; lastKnownFileType = sourcecode.c.objc; path = GeneralPreferences.m; sourceTree = "<group>"; };
		39F874621634386300D9026F /* GeneralPreferences.xib */ = {isa = PBXFileReference; fileEncoding = 4; lastKnownFileType = file.xib; path = GeneralPreferences.xib; sourceTree = "<group>"; };
		39F874631634386300D9026F /* AccountPreferences.h */ = {isa = PBXFileReference; fileEncoding = 4; lastKnownFileType = sourcecode.c.h; path = AccountPreferences.h; sourceTree = "<group>"; };
		39F874641634386300D9026F /* AccountPreferences.m */ = {isa = PBXFileReference; fileEncoding = 4; lastKnownFileType = sourcecode.c.objc; path = AccountPreferences.m; sourceTree = "<group>"; };
		39F874651634386300D9026F /* AccountPreferences.xib */ = {isa = PBXFileReference; fileEncoding = 4; lastKnownFileType = file.xib; path = AccountPreferences.xib; sourceTree = "<group>"; };
		DD4F7C0413C30F9F00825C6E /* PutIOSync.app */ = {isa = PBXFileReference; explicitFileType = wrapper.application; includeInIndex = 0; path = PutIOSync.app; sourceTree = BUILT_PRODUCTS_DIR; };
		DD4F7C0813C30F9F00825C6E /* Cocoa.framework */ = {isa = PBXFileReference; lastKnownFileType = wrapper.framework; name = Cocoa.framework; path = System/Library/Frameworks/Cocoa.framework; sourceTree = SDKROOT; };
		DD4F7C0B13C30F9F00825C6E /* AppKit.framework */ = {isa = PBXFileReference; lastKnownFileType = wrapper.framework; name = AppKit.framework; path = System/Library/Frameworks/AppKit.framework; sourceTree = SDKROOT; };
		DD4F7C0C13C30F9F00825C6E /* CoreData.framework */ = {isa = PBXFileReference; lastKnownFileType = wrapper.framework; name = CoreData.framework; path = System/Library/Frameworks/CoreData.framework; sourceTree = SDKROOT; };
		DD4F7C0D13C30F9F00825C6E /* Foundation.framework */ = {isa = PBXFileReference; lastKnownFileType = wrapper.framework; name = Foundation.framework; path = System/Library/Frameworks/Foundation.framework; sourceTree = SDKROOT; };
		DD4F7C1013C30F9F00825C6E /* PutIOSync-Info.plist */ = {isa = PBXFileReference; lastKnownFileType = text.plist.xml; name = "PutIOSync-Info.plist"; path = "Popup/PutIOSync-Info.plist"; sourceTree = "<group>"; };
		DD4F7C1413C30F9F00825C6E /* main.m */ = {isa = PBXFileReference; lastKnownFileType = sourcecode.c.objc; path = main.m; sourceTree = "<group>"; };
		DD4F7C1613C30F9F00825C6E /* PutIOSync-Prefix.pch */ = {isa = PBXFileReference; lastKnownFileType = sourcecode.c.h; path = "PutIOSync-Prefix.pch"; sourceTree = "<group>"; };
		DD4F7C1A13C30F9F00825C6E /* ApplicationDelegate.h */ = {isa = PBXFileReference; lastKnownFileType = sourcecode.c.h; name = ApplicationDelegate.h; path = Popup/ApplicationDelegate.h; sourceTree = "<group>"; };
		DD4F7C1B13C30F9F00825C6E /* ApplicationDelegate.m */ = {isa = PBXFileReference; lastKnownFileType = sourcecode.c.objc; name = ApplicationDelegate.m; path = Popup/ApplicationDelegate.m; sourceTree = "<group>"; };
		DD4F7C1E13C30F9F00825C6E /* en */ = {isa = PBXFileReference; lastKnownFileType = file.xib; name = en; path = en.lproj/MainMenu.xib; sourceTree = "<group>"; };
		DD4F7C3613C317A500825C6E /* MenubarController.h */ = {isa = PBXFileReference; fileEncoding = 4; lastKnownFileType = sourcecode.c.h; path = MenubarController.h; sourceTree = "<group>"; };
		DD4F7C3713C317A500825C6E /* MenubarController.m */ = {isa = PBXFileReference; fileEncoding = 4; lastKnownFileType = sourcecode.c.objc; path = MenubarController.m; sourceTree = "<group>"; };
		DD4F7C3A13C3180800825C6E /* StatusItemView.h */ = {isa = PBXFileReference; fileEncoding = 4; lastKnownFileType = sourcecode.c.h; path = StatusItemView.h; sourceTree = "<group>"; };
		DD4F7C3B13C3180800825C6E /* StatusItemView.m */ = {isa = PBXFileReference; fileEncoding = 4; lastKnownFileType = sourcecode.c.objc; path = StatusItemView.m; sourceTree = "<group>"; };
		DD4F7C3D13C318D600825C6E /* PanelController.h */ = {isa = PBXFileReference; fileEncoding = 4; lastKnownFileType = sourcecode.c.h; path = PanelController.h; sourceTree = "<group>"; };
		DD4F7C3E13C318D600825C6E /* PanelController.m */ = {isa = PBXFileReference; fileEncoding = 4; lastKnownFileType = sourcecode.c.objc; path = PanelController.m; sourceTree = "<group>"; };
		DD4F7C4013C31B4A00825C6E /* TransfersPanel.xib */ = {isa = PBXFileReference; fileEncoding = 4; lastKnownFileType = file.xib; path = TransfersPanel.xib; sourceTree = "<group>"; };
		DD4F7C4213C31BD200825C6E /* Panel.h */ = {isa = PBXFileReference; fileEncoding = 4; lastKnownFileType = sourcecode.c.h; path = Panel.h; sourceTree = "<group>"; };
		DD4F7C4313C31BD200825C6E /* Panel.m */ = {isa = PBXFileReference; fileEncoding = 4; lastKnownFileType = sourcecode.c.objc; path = Panel.m; sourceTree = "<group>"; };
		DD4F7C4513C3208500825C6E /* BackgroundView.h */ = {isa = PBXFileReference; fileEncoding = 4; lastKnownFileType = sourcecode.c.h; path = BackgroundView.h; sourceTree = "<group>"; };
		DD4F7C4613C3208500825C6E /* BackgroundView.m */ = {isa = PBXFileReference; fileEncoding = 4; lastKnownFileType = sourcecode.c.objc; path = BackgroundView.m; sourceTree = "<group>"; };
		DD4F7C4913C322FA00825C6E /* Status.png */ = {isa = PBXFileReference; lastKnownFileType = image.png; name = Status.png; path = Popup/Status.png; sourceTree = "<group>"; };
		DD4F7C4A13C322FA00825C6E /* StatusHighlighted.png */ = {isa = PBXFileReference; lastKnownFileType = image.png; name = StatusHighlighted.png; path = Popup/StatusHighlighted.png; sourceTree = "<group>"; };
/* End PBXFileReference section */

/* Begin PBXFrameworksBuildPhase section */
		DD4F7C0113C30F9F00825C6E /* Frameworks */ = {
			isa = PBXFrameworksBuildPhase;
			buildActionMask = 2147483647;
			files = (
				39C51FCD16345B81006BD1C8 /* WebKit.framework in Frameworks */,
				DD4F7C0913C30F9F00825C6E /* Cocoa.framework in Frameworks */,
			);
			runOnlyForDeploymentPostprocessing = 0;
		};
/* End PBXFrameworksBuildPhase section */

/* Begin PBXGroup section */
		3993ABC9163AC9380020AE61 /* Model */ = {
			isa = PBXGroup;
			children = (
				3993ABCB163AC97B0020AE61 /* SyncInstruction.h */,
				3993ABCC163AC97B0020AE61 /* SyncInstruction.m */,
			);
			name = Model;
			sourceTree = "<group>";
		};
		39C51FC9163440A1006BD1C8 /* Menu Item */ = {
			isa = PBXGroup;
			children = (
				DD4F7C3613C317A500825C6E /* MenubarController.h */,
				DD4F7C3713C317A500825C6E /* MenubarController.m */,
				DD4F7C3D13C318D600825C6E /* PanelController.h */,
				DD4F7C3E13C318D600825C6E /* PanelController.m */,
			);
			name = "Menu Item";
			sourceTree = "<group>";
		};
		39F8743E1634279400D9026F /* PutIO API */ = {
			isa = PBXGroup;
			children = (
				39F8743F163427D600D9026F /* PutIOAPI.h */,
				39F87440163427D600D9026F /* PutIOAPI.m */,
				39C51FD21634A127006BD1C8 /* PutIOAPIObject.h */,
				39C51FD31634A127006BD1C8 /* PutIOAPIObject.m */,
				3935CA7416376A94004BA671 /* PutIOAPIAccountInfo.h */,
				3935CA7516376A94004BA671 /* PutIOAPIAccountInfo.m */,
				392221C9163CB1190003352E /* PutIOAPIFile.h */,
				392221CA163CB1190003352E /* PutIOAPIFile.m */,
			);
			name = "PutIO API";
			sourceTree = "<group>";
		};
		39F8744F1634347A00D9026F /* Preferences */ = {
			isa = PBXGroup;
			children = (
				39F874561634375D00D9026F /* MASPreferencesViewController.h */,
				39F874571634375D00D9026F /* MASPreferencesWindowController.h */,
				39F874591634375D00D9026F /* MASPreferencesWindowController.m */,
				39F874581634375D00D9026F /* MASPreferencesWindow.xib */,
				39F874601634386300D9026F /* GeneralPreferences.h */,
				39F874611634386300D9026F /* GeneralPreferences.m */,
				39F874621634386300D9026F /* GeneralPreferences.xib */,
				39F874631634386300D9026F /* AccountPreferences.h */,
				39F874641634386300D9026F /* AccountPreferences.m */,
				39F874651634386300D9026F /* AccountPreferences.xib */,
				3986C5BB163857C400F19764 /* SyncPreferences.h */,
				3986C5BC163857C400F19764 /* SyncPreferences.m */,
				3986C5BD163857C400F19764 /* SyncPreferences.xib */,
			);
			name = Preferences;
			sourceTree = "<group>";
		};
		DD4F7BF913C30F9F00825C6E = {
			isa = PBXGroup;
			children = (
				3993ABC9163AC9380020AE61 /* Model */,
				39C51FCC16345B81006BD1C8 /* WebKit.framework */,
				DD4F7C1A13C30F9F00825C6E /* ApplicationDelegate.h */,
				DD4F7C1B13C30F9F00825C6E /* ApplicationDelegate.m */,
				39F8743E1634279400D9026F /* PutIO API */,
				DD4F7C2613C311DF00825C6E /* Controllers */,
				DD4F7C3913C317EC00825C6E /* Views */,
				DD4F7C2813C3123E00825C6E /* User Interface */,
				DD4F7C0713C30F9F00825C6E /* Frameworks */,
				DD4F7C0F13C30F9F00825C6E /* Supporting Files */,
				DD4F7C0513C30F9F00825C6E /* Products */,
				39C51FCA16344ED0006BD1C8 /* UserDefaults.plist */,
				DD4F7C1013C30F9F00825C6E /* PutIOSync-Info.plist */,
			);
			sourceTree = "<group>";
		};
		DD4F7C0513C30F9F00825C6E /* Products */ = {
			isa = PBXGroup;
			children = (
				DD4F7C0413C30F9F00825C6E /* PutIOSync.app */,
			);
			name = Products;
			sourceTree = "<group>";
		};
		DD4F7C0713C30F9F00825C6E /* Frameworks */ = {
			isa = PBXGroup;
			children = (
				DD4F7C0B13C30F9F00825C6E /* AppKit.framework */,
				DD4F7C0C13C30F9F00825C6E /* CoreData.framework */,
				DD4F7C0D13C30F9F00825C6E /* Foundation.framework */,
				DD4F7C0813C30F9F00825C6E /* Cocoa.framework */,
			);
			name = Frameworks;
			sourceTree = "<group>";
		};
		DD4F7C0F13C30F9F00825C6E /* Supporting Files */ = {
			isa = PBXGroup;
			children = (
				DD4F7C1613C30F9F00825C6E /* PutIOSync-Prefix.pch */,
				DD4F7C1413C30F9F00825C6E /* main.m */,
			);
			name = "Supporting Files";
			path = Popup;
			sourceTree = "<group>";
		};
		DD4F7C2613C311DF00825C6E /* Controllers */ = {
			isa = PBXGroup;
			children = (
				39C51FC9163440A1006BD1C8 /* Menu Item */,
				39F8744F1634347A00D9026F /* Preferences */,
				39C51FC616343FBA006BD1C8 /* TransfersPanel.h */,
				39C51FC716343FBA006BD1C8 /* TransfersPanel.m */,
				DD4F7C4013C31B4A00825C6E /* TransfersPanel.xib */,
				39F8744416342D9000D9026F /* AccountSetupController.h */,
				39F8744516342D9000D9026F /* AccountSetupController.m */,
				39F874421634290400D9026F /* AccountSetupController.xib */,
				3993ABCE163AD36A0020AE61 /* SyncInstructionEditor.h */,
				3993ABCF163AD36A0020AE61 /* SyncInstructionEditor.m */,
				3993ABD0163AD36A0020AE61 /* SyncInstructionEditor.xib */,
				392221C3163CAB140003352E /* PutIOFolderPicker.h */,
				392221C4163CAB140003352E /* PutIOFolderPicker.m */,
				392221C5163CAB140003352E /* PutIOFolderPicker.xib */,
			);
			name = Controllers;
			path = Popup;
			sourceTree = "<group>";
		};
		DD4F7C2813C3123E00825C6E /* User Interface */ = {
			isa = PBXGroup;
			children = (
				DD4F7C4813C322D800825C6E /* Graphics */,
				DD4F7C2913C3124300825C6E /* XIBs */,
			);
			name = "User Interface";
			sourceTree = "<group>";
		};
		DD4F7C2913C3124300825C6E /* XIBs */ = {
			isa = PBXGroup;
			children = (
				DD4F7C1D13C30F9F00825C6E /* MainMenu.xib */,
				39F874471634320600D9026F /* Preferences.xib */,
			);
			name = XIBs;
			sourceTree = "<group>";
		};
		DD4F7C3913C317EC00825C6E /* Views */ = {
			isa = PBXGroup;
			children = (
				DD4F7C4213C31BD200825C6E /* Panel.h */,
				DD4F7C4313C31BD200825C6E /* Panel.m */,
				DD4F7C3A13C3180800825C6E /* StatusItemView.h */,
				DD4F7C3B13C3180800825C6E /* StatusItemView.m */,
				DD4F7C4513C3208500825C6E /* BackgroundView.h */,
				DD4F7C4613C3208500825C6E /* BackgroundView.m */,
			);
			name = Views;
			path = Popup;
			sourceTree = "<group>";
		};
		DD4F7C4813C322D800825C6E /* Graphics */ = {
			isa = PBXGroup;
			children = (
				39F1C8C8163DB0FC00AD5E1A /* panelSeparator.png */,
				39F1C8C3163D9E0100AD5E1A /* syncIcon.png */,
				39452136163C8DE200AA7001 /* syncRightArrow.png */,
				39452131163C8CC300AA7001 /* systemFolder.png */,
				39452134163C8CFA00AA7001 /* putioFolder.png */,
				39C51FD61634A924006BD1C8 /* logo.png */,
				DD4F7C4913C322FA00825C6E /* Status.png */,
				DD4F7C4A13C322FA00825C6E /* StatusHighlighted.png */,
				39F1C8C6163DAE0F00AD5E1A /* grayPanelIcon.png */,
			);
			name = Graphics;
			sourceTree = "<group>";
		};
/* End PBXGroup section */

/* Begin PBXNativeTarget section */
		DD4F7C0313C30F9F00825C6E /* PutIOSync */ = {
			isa = PBXNativeTarget;
			buildConfigurationList = DD4F7C2213C30F9F00825C6E /* Build configuration list for PBXNativeTarget "PutIOSync" */;
			buildPhases = (
				DD4F7C0013C30F9F00825C6E /* Sources */,
				DD4F7C0113C30F9F00825C6E /* Frameworks */,
				DD4F7C0213C30F9F00825C6E /* Resources */,
			);
			buildRules = (
			);
			dependencies = (
			);
			name = PutIOSync;
			productName = Popup;
			productReference = DD4F7C0413C30F9F00825C6E /* PutIOSync.app */;
			productType = "com.apple.product-type.application";
		};
/* End PBXNativeTarget section */

/* Begin PBXProject section */
		DD4F7BFB13C30F9F00825C6E /* Project object */ = {
			isa = PBXProject;
			attributes = {
				LastUpgradeCheck = 0440;
			};
			buildConfigurationList = DD4F7BFE13C30F9F00825C6E /* Build configuration list for PBXProject "PutIOSync" */;
			compatibilityVersion = "Xcode 3.2";
			developmentRegion = English;
			hasScannedForEncodings = 0;
			knownRegions = (
				en,
			);
			mainGroup = DD4F7BF913C30F9F00825C6E;
			productRefGroup = DD4F7C0513C30F9F00825C6E /* Products */;
			projectDirPath = "";
			projectRoot = "";
			targets = (
				DD4F7C0313C30F9F00825C6E /* PutIOSync */,
			);
		};
/* End PBXProject section */

/* Begin PBXResourcesBuildPhase section */
		DD4F7C0213C30F9F00825C6E /* Resources */ = {
			isa = PBXResourcesBuildPhase;
			buildActionMask = 2147483647;
			files = (
				DD4F7C1F13C30F9F00825C6E /* MainMenu.xib in Resources */,
				DD4F7C4113C31B4A00825C6E /* TransfersPanel.xib in Resources */,
				DD4F7C4B13C322FA00825C6E /* Status.png in Resources */,
				DD4F7C4C13C322FA00825C6E /* StatusHighlighted.png in Resources */,
				39F874431634290400D9026F /* AccountSetupController.xib in Resources */,
				39F874481634320600D9026F /* Preferences.xib in Resources */,
				39F8745A1634375D00D9026F /* MASPreferencesWindow.xib in Resources */,
				39F874671634386300D9026F /* GeneralPreferences.xib in Resources */,
				39F874691634386300D9026F /* AccountPreferences.xib in Resources */,
				39C51FCB16344ED0006BD1C8 /* UserDefaults.plist in Resources */,
				39C51FD71634A924006BD1C8 /* logo.png in Resources */,
				3986C5BF163857C400F19764 /* SyncPreferences.xib in Resources */,
				3993ABD2163AD36A0020AE61 /* SyncInstructionEditor.xib in Resources */,
				39452132163C8CC300AA7001 /* systemFolder.png in Resources */,
				39452135163C8CFA00AA7001 /* putioFolder.png in Resources */,
				39452137163C8DE200AA7001 /* syncRightArrow.png in Resources */,
				392221C7163CAB140003352E /* PutIOFolderPicker.xib in Resources */,
				39F1C8C4163D9E0100AD5E1A /* syncIcon.png in Resources */,
				39F1C8C7163DAE0F00AD5E1A /* grayPanelIcon.png in Resources */,
				39F1C8C9163DB0FC00AD5E1A /* panelSeparator.png in Resources */,
			);
			runOnlyForDeploymentPostprocessing = 0;
		};
/* End PBXResourcesBuildPhase section */

/* Begin PBXSourcesBuildPhase section */
		DD4F7C0013C30F9F00825C6E /* Sources */ = {
			isa = PBXSourcesBuildPhase;
			buildActionMask = 2147483647;
			files = (
				DD4F7C1513C30F9F00825C6E /* main.m in Sources */,
				DD4F7C1C13C30F9F00825C6E /* ApplicationDelegate.m in Sources */,
				DD4F7C3813C317A500825C6E /* MenubarController.m in Sources */,
				DD4F7C3C13C3180800825C6E /* StatusItemView.m in Sources */,
				DD4F7C3F13C318D600825C6E /* PanelController.m in Sources */,
				DD4F7C4413C31BD200825C6E /* Panel.m in Sources */,
				DD4F7C4713C3208500825C6E /* BackgroundView.m in Sources */,
				39F87441163427D600D9026F /* PutIOAPI.m in Sources */,
				39F8744616342D9000D9026F /* AccountSetupController.m in Sources */,
				39F8745B1634375D00D9026F /* MASPreferencesWindowController.m in Sources */,
				39F874661634386300D9026F /* GeneralPreferences.m in Sources */,
				39F874681634386300D9026F /* AccountPreferences.m in Sources */,
				39C51FC816343FBA006BD1C8 /* TransfersPanel.m in Sources */,
				39C51FD41634A127006BD1C8 /* PutIOAPIObject.m in Sources */,
				3935CA7616376A94004BA671 /* PutIOAPIAccountInfo.m in Sources */,
				3986C5BE163857C400F19764 /* SyncPreferences.m in Sources */,
				3993ABCD163AC97B0020AE61 /* SyncInstruction.m in Sources */,
				3993ABD1163AD36A0020AE61 /* SyncInstructionEditor.m in Sources */,
				392221C6163CAB140003352E /* PutIOFolderPicker.m in Sources */,
				392221CB163CB1190003352E /* PutIOAPIFile.m in Sources */,
			);
			runOnlyForDeploymentPostprocessing = 0;
		};
/* End PBXSourcesBuildPhase section */

/* Begin PBXVariantGroup section */
		DD4F7C1D13C30F9F00825C6E /* MainMenu.xib */ = {
			isa = PBXVariantGroup;
			children = (
				DD4F7C1E13C30F9F00825C6E /* en */,
			);
			name = MainMenu.xib;
			path = Popup;
			sourceTree = "<group>";
		};
/* End PBXVariantGroup section */

/* Begin XCBuildConfiguration section */
		DD4F7C2013C30F9F00825C6E /* Debug */ = {
			isa = XCBuildConfiguration;
			buildSettings = {
				ALWAYS_SEARCH_USER_PATHS = NO;
				ARCHS = "$(ARCHS_STANDARD_64_BIT)";
				COPY_PHASE_STRIP = NO;
				GCC_C_LANGUAGE_STANDARD = gnu99;
				GCC_DYNAMIC_NO_PIC = NO;
				GCC_ENABLE_OBJC_EXCEPTIONS = YES;
				GCC_OPTIMIZATION_LEVEL = 0;
				GCC_PREPROCESSOR_DEFINITIONS = (
					"DEBUG=1",
					"$(inherited)",
				);
				GCC_SYMBOLS_PRIVATE_EXTERN = NO;
				GCC_VERSION = com.apple.compilers.llvm.clang.1_0;
				GCC_WARN_64_TO_32_BIT_CONVERSION = YES;
				GCC_WARN_ABOUT_MISSING_PROTOTYPES = YES;
				GCC_WARN_ABOUT_RETURN_TYPE = YES;
				GCC_WARN_UNUSED_VARIABLE = YES;
				MACOSX_DEPLOYMENT_TARGET = 10.6;
				ONLY_ACTIVE_ARCH = YES;
				SDKROOT = macosx;
			};
			name = Debug;
		};
		DD4F7C2113C30F9F00825C6E /* Release */ = {
			isa = XCBuildConfiguration;
			buildSettings = {
				ALWAYS_SEARCH_USER_PATHS = NO;
				ARCHS = "$(ARCHS_STANDARD_64_BIT)";
				COPY_PHASE_STRIP = YES;
				DEBUG_INFORMATION_FORMAT = "dwarf-with-dsym";
				GCC_C_LANGUAGE_STANDARD = gnu99;
				GCC_ENABLE_OBJC_EXCEPTIONS = YES;
				GCC_VERSION = com.apple.compilers.llvm.clang.1_0;
				GCC_WARN_64_TO_32_BIT_CONVERSION = YES;
				GCC_WARN_ABOUT_MISSING_PROTOTYPES = YES;
				GCC_WARN_ABOUT_RETURN_TYPE = YES;
				GCC_WARN_UNUSED_VARIABLE = YES;
				MACOSX_DEPLOYMENT_TARGET = 10.6;
				SDKROOT = macosx;
			};
			name = Release;
		};
		DD4F7C2313C30F9F00825C6E /* Debug */ = {
			isa = XCBuildConfiguration;
			buildSettings = {
				CLANG_ENABLE_OBJC_ARC = YES;
				COMBINE_HIDPI_IMAGES = YES;
				GCC_PRECOMPILE_PREFIX_HEADER = YES;
				GCC_PREFIX_HEADER = "Popup/PutIOSync-Prefix.pch";
				INFOPLIST_FILE = "Popup/PutIOSync-Info.plist";
				MACOSX_DEPLOYMENT_TARGET = 10.7;
				PRODUCT_NAME = PutIOSync;
				WRAPPER_EXTENSION = app;
			};
			name = Debug;
		};
		DD4F7C2413C30F9F00825C6E /* Release */ = {
			isa = XCBuildConfiguration;
			buildSettings = {
				CLANG_ENABLE_OBJC_ARC = YES;
				COMBINE_HIDPI_IMAGES = YES;
				GCC_PRECOMPILE_PREFIX_HEADER = YES;
				GCC_PREFIX_HEADER = "Popup/PutIOSync-Prefix.pch";
				INFOPLIST_FILE = "Popup/PutIOSync-Info.plist";
				MACOSX_DEPLOYMENT_TARGET = 10.7;
				PRODUCT_NAME = PutIOSync;
				WRAPPER_EXTENSION = app;
			};
			name = Release;
		};
/* End XCBuildConfiguration section */

/* Begin XCConfigurationList section */
		DD4F7BFE13C30F9F00825C6E /* Build configuration list for PBXProject "PutIOSync" */ = {
			isa = XCConfigurationList;
			buildConfigurations = (
				DD4F7C2013C30F9F00825C6E /* Debug */,
				DD4F7C2113C30F9F00825C6E /* Release */,
			);
			defaultConfigurationIsVisible = 0;
			defaultConfigurationName = Release;
		};
		DD4F7C2213C30F9F00825C6E /* Build configuration list for PBXNativeTarget "PutIOSync" */ = {
			isa = XCConfigurationList;
			buildConfigurations = (
				DD4F7C2313C30F9F00825C6E /* Debug */,
				DD4F7C2413C30F9F00825C6E /* Release */,
			);
			defaultConfigurationIsVisible = 0;
			defaultConfigurationName = Release;
		};
/* End XCConfigurationList section */
	};
	rootObject = DD4F7BFB13C30F9F00825C6E /* Project object */;
}
