// !$*UTF8*$!
{
	archiveVersion = 1;
	classes = {
	};
	objectVersion = 46;
	objects = {

/* Begin PBXBuildFile section */
		3903FA68177FABA400EC6ABB /* MainPanel.xib in Resources */ = {isa = PBXBuildFile; fileRef = 3903FA6A177FABA400EC6ABB /* MainPanel.xib */; };
		3903FA6E177FAD7C00EC6ABB /* PutIOFolderPicker.xib in Resources */ = {isa = PBXBuildFile; fileRef = 3903FA70177FAD7C00EC6ABB /* PutIOFolderPicker.xib */; };
		3903FA7C177FAF4E00EC6ABB /* GeneralPreferences.xib in Resources */ = {isa = PBXBuildFile; fileRef = 3903FA7E177FAF4E00EC6ABB /* GeneralPreferences.xib */; };
		391A9F3316E388E2003BDE51 /* PanelRowView.m in Sources */ = {isa = PBXBuildFile; fileRef = 391A9F3216E388E2003BDE51 /* PanelRowView.m */; };
		392221C6163CAB140003352E /* PutIOFolderPicker.m in Sources */ = {isa = PBXBuildFile; fileRef = 392221C4163CAB140003352E /* PutIOFolderPicker.m */; };
		392460F1163EB36500954B64 /* SyncScheduler.m in Sources */ = {isa = PBXBuildFile; fileRef = 392460F0163EB36500954B64 /* SyncScheduler.m */; };
		392460F5163EB38600954B64 /* SyncRunner.m in Sources */ = {isa = PBXBuildFile; fileRef = 392460F4163EB38600954B64 /* SyncRunner.m */; };
		39585BAE177FC396004B74B3 /* Localizable.strings in Resources */ = {isa = PBXBuildFile; fileRef = 39585BB0177FC396004B74B3 /* Localizable.strings */; };
		39585BB2177FC592004B74B3 /* AccountPreferences.xib in Resources */ = {isa = PBXBuildFile; fileRef = 39585BB4177FC592004B74B3 /* AccountPreferences.xib */; };
		39585BBA177FC5DE004B74B3 /* SyncPreferences.xib in Resources */ = {isa = PBXBuildFile; fileRef = 39585BBC177FC5DE004B74B3 /* SyncPreferences.xib */; };
		39585BBF177FC7F1004B74B3 /* SyncInstructionEditor.xib in Resources */ = {isa = PBXBuildFile; fileRef = 39585BC1177FC7F1004B74B3 /* SyncInstructionEditor.xib */; };
		3986C5BE163857C400F19764 /* SyncPreferences.m in Sources */ = {isa = PBXBuildFile; fileRef = 3986C5BC163857C400F19764 /* SyncPreferences.m */; };
		39910AB7164FFB3D00967014 /* Security.framework in Frameworks */ = {isa = PBXBuildFile; fileRef = 39910AB6164FFB3D00967014 /* Security.framework */; };
		3993ABCD163AC97B0020AE61 /* SyncInstruction.m in Sources */ = {isa = PBXBuildFile; fileRef = 3993ABCC163AC97B0020AE61 /* SyncInstruction.m */; };
		3993ABD1163AD36A0020AE61 /* SyncInstructionEditor.m in Sources */ = {isa = PBXBuildFile; fileRef = 3993ABCF163AD36A0020AE61 /* SyncInstructionEditor.m */; };
		39A66FBA178213010073DB81 /* Utilities.m in Sources */ = {isa = PBXBuildFile; fileRef = 39A66FB9178213010073DB81 /* Utilities.m */; };
		39A66FC3178213650073DB81 /* PutIOAPI.m in Sources */ = {isa = PBXBuildFile; fileRef = 39A66FBC178213650073DB81 /* PutIOAPI.m */; };
		39A66FC4178213650073DB81 /* PutIOAPIAccountInfo.m in Sources */ = {isa = PBXBuildFile; fileRef = 39A66FBE178213650073DB81 /* PutIOAPIAccountInfo.m */; };
		39A66FC5178213650073DB81 /* PutIOAPIFile.m in Sources */ = {isa = PBXBuildFile; fileRef = 39A66FC0178213650073DB81 /* PutIOAPIFile.m */; };
		39A66FC6178213650073DB81 /* PutIOAPIObject.m in Sources */ = {isa = PBXBuildFile; fileRef = 39A66FC2178213650073DB81 /* PutIOAPIObject.m */; };
		39A66FCC178213D20073DB81 /* PutIODownload.m in Sources */ = {isa = PBXBuildFile; fileRef = 39A66FCB178213D20073DB81 /* PutIODownload.m */; };
		39A66FD0178214C20073DB81 /* Media.xcassets in Resources */ = {isa = PBXBuildFile; fileRef = 39A66FCF178214C20073DB81 /* Media.xcassets */; };
		39A66FD2178214DC0073DB81 /* Sparkle.framework in Frameworks */ = {isa = PBXBuildFile; fileRef = 39A66FD1178214DC0073DB81 /* Sparkle.framework */; };
		39A66FD8178215430073DB81 /* MASPreferencesWindow.xib in Resources */ = {isa = PBXBuildFile; fileRef = 39A66FD6178215430073DB81 /* MASPreferencesWindow.xib */; };
		39A66FD9178215430073DB81 /* MASPreferencesWindowController.m in Sources */ = {isa = PBXBuildFile; fileRef = 39A66FD7178215430073DB81 /* MASPreferencesWindowController.m */; };
		39A66FDC178215C90073DB81 /* AccountSetupController.xib in Resources */ = {isa = PBXBuildFile; fileRef = 39A66FDA178215C90073DB81 /* AccountSetupController.xib */; };
		39A86DE01643F32D004CAAEE /* DownloadCellView.m in Sources */ = {isa = PBXBuildFile; fileRef = 39A86DDF1643F32D004CAAEE /* DownloadCellView.m */; };
		39C51FC816343FBA006BD1C8 /* MainPanel.m in Sources */ = {isa = PBXBuildFile; fileRef = 39C51FC716343FBA006BD1C8 /* MainPanel.m */; };
		39C51FCB16344ED0006BD1C8 /* UserDefaults.plist in Resources */ = {isa = PBXBuildFile; fileRef = 39C51FCA16344ED0006BD1C8 /* UserDefaults.plist */; };
		39C51FCD16345B81006BD1C8 /* WebKit.framework in Frameworks */ = {isa = PBXBuildFile; fileRef = 39C51FCC16345B81006BD1C8 /* WebKit.framework */; };
		39C5B0AA16BD64A1004E8D65 /* TransferCellView.m in Sources */ = {isa = PBXBuildFile; fileRef = 39C5B0A916BD64A1004E8D65 /* TransferCellView.m */; };
		39C5B0AD16BD682D004E8D65 /* PutIOAPITransfer.m in Sources */ = {isa = PBXBuildFile; fileRef = 39C5B0AC16BD682D004E8D65 /* PutIOAPITransfer.m */; };
		39C5B0B016BD7709004E8D65 /* PutIOTransfersMonitor.m in Sources */ = {isa = PBXBuildFile; fileRef = 39C5B0AF16BD7709004E8D65 /* PutIOTransfersMonitor.m */; };
		39EFBFBB164EA60400B160E0 /* PersistenceManager.m in Sources */ = {isa = PBXBuildFile; fileRef = 39EFBFBA164EA60400B160E0 /* PersistenceManager.m */; };
		39F8744616342D9000D9026F /* AccountSetupController.m in Sources */ = {isa = PBXBuildFile; fileRef = 39F8744516342D9000D9026F /* AccountSetupController.m */; };
		39F874661634386300D9026F /* GeneralPreferences.m in Sources */ = {isa = PBXBuildFile; fileRef = 39F874611634386300D9026F /* GeneralPreferences.m */; };
		39F874681634386300D9026F /* AccountPreferences.m in Sources */ = {isa = PBXBuildFile; fileRef = 39F874641634386300D9026F /* AccountPreferences.m */; };
		DD4F7C0913C30F9F00825C6E /* Cocoa.framework in Frameworks */ = {isa = PBXBuildFile; fileRef = DD4F7C0813C30F9F00825C6E /* Cocoa.framework */; };
		DD4F7C1513C30F9F00825C6E /* main.m in Sources */ = {isa = PBXBuildFile; fileRef = DD4F7C1413C30F9F00825C6E /* main.m */; };
		DD4F7C1C13C30F9F00825C6E /* ApplicationDelegate.m in Sources */ = {isa = PBXBuildFile; fileRef = DD4F7C1B13C30F9F00825C6E /* ApplicationDelegate.m */; };
		DD4F7C1F13C30F9F00825C6E /* MainMenu.xib in Resources */ = {isa = PBXBuildFile; fileRef = DD4F7C1D13C30F9F00825C6E /* MainMenu.xib */; };
		DD4F7C3813C317A500825C6E /* MenubarController.m in Sources */ = {isa = PBXBuildFile; fileRef = DD4F7C3713C317A500825C6E /* MenubarController.m */; };
		DD4F7C3C13C3180800825C6E /* StatusItemView.m in Sources */ = {isa = PBXBuildFile; fileRef = DD4F7C3B13C3180800825C6E /* StatusItemView.m */; };
		DD4F7C3F13C318D600825C6E /* PanelController.m in Sources */ = {isa = PBXBuildFile; fileRef = DD4F7C3E13C318D600825C6E /* PanelController.m */; };
		DD4F7C4413C31BD200825C6E /* Panel.m in Sources */ = {isa = PBXBuildFile; fileRef = DD4F7C4313C31BD200825C6E /* Panel.m */; };
		DD4F7C4713C3208500825C6E /* BackgroundView.m in Sources */ = {isa = PBXBuildFile; fileRef = DD4F7C4613C3208500825C6E /* BackgroundView.m */; };
/* End PBXBuildFile section */

/* Begin PBXCopyFilesBuildPhase section */
		39910AC116503D4000967014 /* CopyFiles */ = {
			isa = PBXCopyFilesBuildPhase;
			buildActionMask = 2147483647;
			dstPath = "";
			dstSubfolderSpec = 10;
			files = (
			);
			runOnlyForDeploymentPostprocessing = 0;
		};
/* End PBXCopyFilesBuildPhase section */

/* Begin PBXFileReference section */
		3903FA69177FABA400EC6ABB /* en */ = {isa = PBXFileReference; lastKnownFileType = file.xib; name = en; path = en.lproj/MainPanel.xib; sourceTree = "<group>"; };
		3903FA6C177FACF700EC6ABB /* de */ = {isa = PBXFileReference; lastKnownFileType = file.xib; name = de; path = de.lproj/MainPanel.xib; sourceTree = "<group>"; };
		3903FA6D177FACF700EC6ABB /* de */ = {isa = PBXFileReference; lastKnownFileType = file.xib; name = de; path = de.lproj/MainMenu.xib; sourceTree = "<group>"; };
		3903FA6F177FAD7C00EC6ABB /* en */ = {isa = PBXFileReference; lastKnownFileType = file.xib; name = en; path = en.lproj/PutIOFolderPicker.xib; sourceTree = "<group>"; };
		3903FA71177FAD9400EC6ABB /* de */ = {isa = PBXFileReference; lastKnownFileType = file.xib; name = de; path = de.lproj/PutIOFolderPicker.xib; sourceTree = "<group>"; };
		3903FA7D177FAF4E00EC6ABB /* en */ = {isa = PBXFileReference; lastKnownFileType = file.xib; name = en; path = en.lproj/GeneralPreferences.xib; sourceTree = "<group>"; };
		391A9F3116E388E2003BDE51 /* PanelRowView.h */ = {isa = PBXFileReference; fileEncoding = 4; lastKnownFileType = sourcecode.c.h; path = PanelRowView.h; sourceTree = "<group>"; };
		391A9F3216E388E2003BDE51 /* PanelRowView.m */ = {isa = PBXFileReference; fileEncoding = 4; lastKnownFileType = sourcecode.c.objc; path = PanelRowView.m; sourceTree = "<group>"; };
		392221C3163CAB140003352E /* PutIOFolderPicker.h */ = {isa = PBXFileReference; fileEncoding = 4; lastKnownFileType = sourcecode.c.h; path = PutIOFolderPicker.h; sourceTree = "<group>"; };
		392221C4163CAB140003352E /* PutIOFolderPicker.m */ = {isa = PBXFileReference; fileEncoding = 4; lastKnownFileType = sourcecode.c.objc; path = PutIOFolderPicker.m; sourceTree = "<group>"; };
		392460EF163EB36500954B64 /* SyncScheduler.h */ = {isa = PBXFileReference; fileEncoding = 4; lastKnownFileType = sourcecode.c.h; path = SyncScheduler.h; sourceTree = "<group>"; };
		392460F0163EB36500954B64 /* SyncScheduler.m */ = {isa = PBXFileReference; fileEncoding = 4; lastKnownFileType = sourcecode.c.objc; path = SyncScheduler.m; sourceTree = "<group>"; };
		392460F3163EB38600954B64 /* SyncRunner.h */ = {isa = PBXFileReference; fileEncoding = 4; lastKnownFileType = sourcecode.c.h; path = SyncRunner.h; sourceTree = "<group>"; };
		392460F4163EB38600954B64 /* SyncRunner.m */ = {isa = PBXFileReference; fileEncoding = 4; lastKnownFileType = sourcecode.c.objc; path = SyncRunner.m; sourceTree = "<group>"; };
		39585BAB177FBF88004B74B3 /* de */ = {isa = PBXFileReference; lastKnownFileType = file.xib; name = de; path = de.lproj/GeneralPreferences.xib; sourceTree = "<group>"; };
		39585BAF177FC396004B74B3 /* en */ = {isa = PBXFileReference; fileEncoding = 10; lastKnownFileType = text.plist.strings; name = en; path = en.lproj/Localizable.strings; sourceTree = "<group>"; };
		39585BB1177FC39A004B74B3 /* de */ = {isa = PBXFileReference; fileEncoding = 10; lastKnownFileType = text.plist.strings; name = de; path = de.lproj/Localizable.strings; sourceTree = "<group>"; };
		39585BB3177FC592004B74B3 /* en */ = {isa = PBXFileReference; lastKnownFileType = file.xib; name = en; path = en.lproj/AccountPreferences.xib; sourceTree = "<group>"; };
		39585BB5177FC597004B74B3 /* de */ = {isa = PBXFileReference; lastKnownFileType = file.xib; name = de; path = de.lproj/AccountPreferences.xib; sourceTree = "<group>"; };
		39585BBB177FC5DE004B74B3 /* en */ = {isa = PBXFileReference; lastKnownFileType = file.xib; name = en; path = en.lproj/SyncPreferences.xib; sourceTree = "<group>"; };
		39585BBE177FC69D004B74B3 /* de */ = {isa = PBXFileReference; lastKnownFileType = file.xib; name = de; path = de.lproj/SyncPreferences.xib; sourceTree = "<group>"; };
		39585BC0177FC7F1004B74B3 /* en */ = {isa = PBXFileReference; lastKnownFileType = file.xib; name = en; path = en.lproj/SyncInstructionEditor.xib; sourceTree = "<group>"; };
		39585BC2177FC7FC004B74B3 /* de */ = {isa = PBXFileReference; lastKnownFileType = file.xib; name = de; path = de.lproj/SyncInstructionEditor.xib; sourceTree = "<group>"; };
		3986C5BB163857C400F19764 /* SyncPreferences.h */ = {isa = PBXFileReference; fileEncoding = 4; lastKnownFileType = sourcecode.c.h; path = SyncPreferences.h; sourceTree = "<group>"; };
		3986C5BC163857C400F19764 /* SyncPreferences.m */ = {isa = PBXFileReference; fileEncoding = 4; lastKnownFileType = sourcecode.c.objc; path = SyncPreferences.m; sourceTree = "<group>"; };
		39910AB6164FFB3D00967014 /* Security.framework */ = {isa = PBXFileReference; lastKnownFileType = wrapper.framework; name = Security.framework; path = System/Library/Frameworks/Security.framework; sourceTree = SDKROOT; };
		39910ABE16502B5300967014 /* PutIODownload.h */ = {isa = PBXFileReference; fileEncoding = 4; lastKnownFileType = sourcecode.c.h; path = PutIODownload.h; sourceTree = "<group>"; };
		3993ABCB163AC97B0020AE61 /* SyncInstruction.h */ = {isa = PBXFileReference; fileEncoding = 4; lastKnownFileType = sourcecode.c.h; name = SyncInstruction.h; path = Popup/SyncInstruction.h; sourceTree = "<group>"; };
		3993ABCC163AC97B0020AE61 /* SyncInstruction.m */ = {isa = PBXFileReference; fileEncoding = 4; lastKnownFileType = sourcecode.c.objc; name = SyncInstruction.m; path = Popup/SyncInstruction.m; sourceTree = "<group>"; };
		3993ABCE163AD36A0020AE61 /* SyncInstructionEditor.h */ = {isa = PBXFileReference; fileEncoding = 4; lastKnownFileType = sourcecode.c.h; path = SyncInstructionEditor.h; sourceTree = "<group>"; };
		3993ABCF163AD36A0020AE61 /* SyncInstructionEditor.m */ = {isa = PBXFileReference; fileEncoding = 4; lastKnownFileType = sourcecode.c.objc; path = SyncInstructionEditor.m; sourceTree = "<group>"; };
		39A66FB8178213010073DB81 /* Utilities.h */ = {isa = PBXFileReference; fileEncoding = 4; lastKnownFileType = sourcecode.c.h; path = Utilities.h; sourceTree = "<group>"; };
		39A66FB9178213010073DB81 /* Utilities.m */ = {isa = PBXFileReference; fileEncoding = 4; lastKnownFileType = sourcecode.c.objc; path = Utilities.m; sourceTree = "<group>"; };
		39A66FBB178213650073DB81 /* PutIOAPI.h */ = {isa = PBXFileReference; fileEncoding = 4; lastKnownFileType = sourcecode.c.h; name = PutIOAPI.h; path = Popup/PutIOAPI.h; sourceTree = "<group>"; };
		39A66FBC178213650073DB81 /* PutIOAPI.m */ = {isa = PBXFileReference; fileEncoding = 4; lastKnownFileType = sourcecode.c.objc; name = PutIOAPI.m; path = Popup/PutIOAPI.m; sourceTree = "<group>"; };
		39A66FBD178213650073DB81 /* PutIOAPIAccountInfo.h */ = {isa = PBXFileReference; fileEncoding = 4; lastKnownFileType = sourcecode.c.h; name = PutIOAPIAccountInfo.h; path = Popup/PutIOAPIAccountInfo.h; sourceTree = "<group>"; };
		39A66FBE178213650073DB81 /* PutIOAPIAccountInfo.m */ = {isa = PBXFileReference; fileEncoding = 4; lastKnownFileType = sourcecode.c.objc; name = PutIOAPIAccountInfo.m; path = Popup/PutIOAPIAccountInfo.m; sourceTree = "<group>"; };
		39A66FBF178213650073DB81 /* PutIOAPIFile.h */ = {isa = PBXFileReference; fileEncoding = 4; lastKnownFileType = sourcecode.c.h; name = PutIOAPIFile.h; path = Popup/PutIOAPIFile.h; sourceTree = "<group>"; };
		39A66FC0178213650073DB81 /* PutIOAPIFile.m */ = {isa = PBXFileReference; fileEncoding = 4; lastKnownFileType = sourcecode.c.objc; name = PutIOAPIFile.m; path = Popup/PutIOAPIFile.m; sourceTree = "<group>"; };
		39A66FC1178213650073DB81 /* PutIOAPIObject.h */ = {isa = PBXFileReference; fileEncoding = 4; lastKnownFileType = sourcecode.c.h; name = PutIOAPIObject.h; path = Popup/PutIOAPIObject.h; sourceTree = "<group>"; };
		39A66FC2178213650073DB81 /* PutIOAPIObject.m */ = {isa = PBXFileReference; fileEncoding = 4; lastKnownFileType = sourcecode.c.objc; name = PutIOAPIObject.m; path = Popup/PutIOAPIObject.m; sourceTree = "<group>"; };
		39A66FCB178213D20073DB81 /* PutIODownload.m */ = {isa = PBXFileReference; fileEncoding = 4; lastKnownFileType = sourcecode.c.objc; path = PutIODownload.m; sourceTree = "<group>"; };
		39A66FCF178214C20073DB81 /* Media.xcassets */ = {isa = PBXFileReference; lastKnownFileType = folder.assetcatalog; path = Media.xcassets; sourceTree = "<group>"; };
		39A66FD1178214DC0073DB81 /* Sparkle.framework */ = {isa = PBXFileReference; lastKnownFileType = wrapper.framework; name = Sparkle.framework; path = Frameworks/Sparkle.framework; sourceTree = "<group>"; };
		39A66FD4178215430073DB81 /* MASPreferencesViewController.h */ = {isa = PBXFileReference; fileEncoding = 4; lastKnownFileType = sourcecode.c.h; name = MASPreferencesViewController.h; path = Frameworks/MASPreferences/MASPreferencesViewController.h; sourceTree = "<group>"; };
		39A66FD5178215430073DB81 /* MASPreferencesWindowController.h */ = {isa = PBXFileReference; fileEncoding = 4; lastKnownFileType = sourcecode.c.h; name = MASPreferencesWindowController.h; path = Frameworks/MASPreferences/MASPreferencesWindowController.h; sourceTree = "<group>"; };
		39A66FD6178215430073DB81 /* MASPreferencesWindow.xib */ = {isa = PBXFileReference; fileEncoding = 4; lastKnownFileType = file.xib; name = MASPreferencesWindow.xib; path = Frameworks/MASPreferences/MASPreferencesWindow.xib; sourceTree = "<group>"; };
		39A66FD7178215430073DB81 /* MASPreferencesWindowController.m */ = {isa = PBXFileReference; fileEncoding = 4; lastKnownFileType = sourcecode.c.objc; name = MASPreferencesWindowController.m; path = Frameworks/MASPreferences/MASPreferencesWindowController.m; sourceTree = "<group>"; };
		39A66FDB178215C90073DB81 /* de */ = {isa = PBXFileReference; lastKnownFileType = file.xib; name = de; path = de.lproj/AccountSetupController.xib; sourceTree = "<group>"; };
		39A66FDD178215D40073DB81 /* en */ = {isa = PBXFileReference; lastKnownFileType = file.xib; name = en; path = en.lproj/AccountSetupController.xib; sourceTree = "<group>"; };
		39A86DDE1643F32D004CAAEE /* DownloadCellView.h */ = {isa = PBXFileReference; fileEncoding = 4; lastKnownFileType = sourcecode.c.h; path = DownloadCellView.h; sourceTree = "<group>"; };
		39A86DDF1643F32D004CAAEE /* DownloadCellView.m */ = {isa = PBXFileReference; fileEncoding = 4; lastKnownFileType = sourcecode.c.objc; path = DownloadCellView.m; sourceTree = "<group>"; };
		39C51FC616343FBA006BD1C8 /* MainPanel.h */ = {isa = PBXFileReference; fileEncoding = 4; lastKnownFileType = sourcecode.c.h; path = MainPanel.h; sourceTree = "<group>"; };
		39C51FC716343FBA006BD1C8 /* MainPanel.m */ = {isa = PBXFileReference; fileEncoding = 4; lastKnownFileType = sourcecode.c.objc; path = MainPanel.m; sourceTree = "<group>"; };
		39C51FCA16344ED0006BD1C8 /* UserDefaults.plist */ = {isa = PBXFileReference; fileEncoding = 4; lastKnownFileType = text.plist.xml; name = UserDefaults.plist; path = ../UserDefaults.plist; sourceTree = "<group>"; };
		39C51FCC16345B81006BD1C8 /* WebKit.framework */ = {isa = PBXFileReference; lastKnownFileType = wrapper.framework; name = WebKit.framework; path = System/Library/Frameworks/WebKit.framework; sourceTree = SDKROOT; };
		39C5B0A816BD64A1004E8D65 /* TransferCellView.h */ = {isa = PBXFileReference; fileEncoding = 4; lastKnownFileType = sourcecode.c.h; path = TransferCellView.h; sourceTree = "<group>"; };
		39C5B0A916BD64A1004E8D65 /* TransferCellView.m */ = {isa = PBXFileReference; fileEncoding = 4; lastKnownFileType = sourcecode.c.objc; path = TransferCellView.m; sourceTree = "<group>"; };
		39C5B0AB16BD682D004E8D65 /* PutIOAPITransfer.h */ = {isa = PBXFileReference; fileEncoding = 4; lastKnownFileType = sourcecode.c.h; name = PutIOAPITransfer.h; path = Popup/PutIOAPITransfer.h; sourceTree = "<group>"; };
		39C5B0AC16BD682D004E8D65 /* PutIOAPITransfer.m */ = {isa = PBXFileReference; fileEncoding = 4; lastKnownFileType = sourcecode.c.objc; name = PutIOAPITransfer.m; path = Popup/PutIOAPITransfer.m; sourceTree = "<group>"; };
		39C5B0AE16BD7709004E8D65 /* PutIOTransfersMonitor.h */ = {isa = PBXFileReference; fileEncoding = 4; lastKnownFileType = sourcecode.c.h; path = PutIOTransfersMonitor.h; sourceTree = "<group>"; };
		39C5B0AF16BD7709004E8D65 /* PutIOTransfersMonitor.m */ = {isa = PBXFileReference; fileEncoding = 4; lastKnownFileType = sourcecode.c.objc; path = PutIOTransfersMonitor.m; sourceTree = "<group>"; };
		39EFBFB9164EA60400B160E0 /* PersistenceManager.h */ = {isa = PBXFileReference; fileEncoding = 4; lastKnownFileType = sourcecode.c.h; name = PersistenceManager.h; path = Popup/PersistenceManager.h; sourceTree = "<group>"; };
		39EFBFBA164EA60400B160E0 /* PersistenceManager.m */ = {isa = PBXFileReference; fileEncoding = 4; lastKnownFileType = sourcecode.c.objc; name = PersistenceManager.m; path = Popup/PersistenceManager.m; sourceTree = "<group>"; };
		39F8744416342D9000D9026F /* AccountSetupController.h */ = {isa = PBXFileReference; fileEncoding = 4; lastKnownFileType = sourcecode.c.h; path = AccountSetupController.h; sourceTree = "<group>"; };
		39F8744516342D9000D9026F /* AccountSetupController.m */ = {isa = PBXFileReference; fileEncoding = 4; lastKnownFileType = sourcecode.c.objc; path = AccountSetupController.m; sourceTree = "<group>"; };
		39F874601634386300D9026F /* GeneralPreferences.h */ = {isa = PBXFileReference; fileEncoding = 4; lastKnownFileType = sourcecode.c.h; path = GeneralPreferences.h; sourceTree = "<group>"; };
		39F874611634386300D9026F /* GeneralPreferences.m */ = {isa = PBXFileReference; fileEncoding = 4; lastKnownFileType = sourcecode.c.objc; path = GeneralPreferences.m; sourceTree = "<group>"; };
		39F874631634386300D9026F /* AccountPreferences.h */ = {isa = PBXFileReference; fileEncoding = 4; lastKnownFileType = sourcecode.c.h; path = AccountPreferences.h; sourceTree = "<group>"; };
		39F874641634386300D9026F /* AccountPreferences.m */ = {isa = PBXFileReference; fileEncoding = 4; lastKnownFileType = sourcecode.c.objc; path = AccountPreferences.m; sourceTree = "<group>"; };
		DD4F7C0413C30F9F00825C6E /* PutIOSync.app */ = {isa = PBXFileReference; explicitFileType = wrapper.application; includeInIndex = 0; path = PutIOSync.app; sourceTree = BUILT_PRODUCTS_DIR; };
		DD4F7C0813C30F9F00825C6E /* Cocoa.framework */ = {isa = PBXFileReference; lastKnownFileType = wrapper.framework; name = Cocoa.framework; path = System/Library/Frameworks/Cocoa.framework; sourceTree = SDKROOT; };
		DD4F7C0B13C30F9F00825C6E /* AppKit.framework */ = {isa = PBXFileReference; lastKnownFileType = wrapper.framework; name = AppKit.framework; path = System/Library/Frameworks/AppKit.framework; sourceTree = SDKROOT; };
		DD4F7C0C13C30F9F00825C6E /* CoreData.framework */ = {isa = PBXFileReference; lastKnownFileType = wrapper.framework; name = CoreData.framework; path = System/Library/Frameworks/CoreData.framework; sourceTree = SDKROOT; };
		DD4F7C0D13C30F9F00825C6E /* Foundation.framework */ = {isa = PBXFileReference; lastKnownFileType = wrapper.framework; name = Foundation.framework; path = System/Library/Frameworks/Foundation.framework; sourceTree = SDKROOT; };
		DD4F7C1013C30F9F00825C6E /* PutIOSync-Info.plist */ = {isa = PBXFileReference; lastKnownFileType = text.plist.xml; path = "PutIOSync-Info.plist"; sourceTree = "<group>"; };
		DD4F7C1413C30F9F00825C6E /* main.m */ = {isa = PBXFileReference; lastKnownFileType = sourcecode.c.objc; path = main.m; sourceTree = "<group>"; };
		DD4F7C1613C30F9F00825C6E /* PutIOSync-Prefix.pch */ = {isa = PBXFileReference; lastKnownFileType = sourcecode.c.h; path = "PutIOSync-Prefix.pch"; sourceTree = "<group>"; };
		DD4F7C1A13C30F9F00825C6E /* ApplicationDelegate.h */ = {isa = PBXFileReference; lastKnownFileType = sourcecode.c.h; name = ApplicationDelegate.h; path = Popup/ApplicationDelegate.h; sourceTree = "<group>"; };
		DD4F7C1B13C30F9F00825C6E /* ApplicationDelegate.m */ = {isa = PBXFileReference; lastKnownFileType = sourcecode.c.objc; name = ApplicationDelegate.m; path = Popup/ApplicationDelegate.m; sourceTree = "<group>"; };
		DD4F7C1E13C30F9F00825C6E /* en */ = {isa = PBXFileReference; lastKnownFileType = file.xib; name = en; path = en.lproj/MainMenu.xib; sourceTree = "<group>"; };
		DD4F7C3613C317A500825C6E /* MenubarController.h */ = {isa = PBXFileReference; fileEncoding = 4; lastKnownFileType = sourcecode.c.h; path = MenubarController.h; sourceTree = "<group>"; };
		DD4F7C3713C317A500825C6E /* MenubarController.m */ = {isa = PBXFileReference; fileEncoding = 4; lastKnownFileType = sourcecode.c.objc; path = MenubarController.m; sourceTree = "<group>"; };
		DD4F7C3A13C3180800825C6E /* StatusItemView.h */ = {isa = PBXFileReference; fileEncoding = 4; lastKnownFileType = sourcecode.c.h; path = StatusItemView.h; sourceTree = "<group>"; };
		DD4F7C3B13C3180800825C6E /* StatusItemView.m */ = {isa = PBXFileReference; fileEncoding = 4; lastKnownFileType = sourcecode.c.objc; path = StatusItemView.m; sourceTree = "<group>"; };
		DD4F7C3D13C318D600825C6E /* PanelController.h */ = {isa = PBXFileReference; fileEncoding = 4; lastKnownFileType = sourcecode.c.h; path = PanelController.h; sourceTree = "<group>"; };
		DD4F7C3E13C318D600825C6E /* PanelController.m */ = {isa = PBXFileReference; fileEncoding = 4; lastKnownFileType = sourcecode.c.objc; path = PanelController.m; sourceTree = "<group>"; };
		DD4F7C4213C31BD200825C6E /* Panel.h */ = {isa = PBXFileReference; fileEncoding = 4; lastKnownFileType = sourcecode.c.h; path = Panel.h; sourceTree = "<group>"; };
		DD4F7C4313C31BD200825C6E /* Panel.m */ = {isa = PBXFileReference; fileEncoding = 4; lastKnownFileType = sourcecode.c.objc; path = Panel.m; sourceTree = "<group>"; };
		DD4F7C4513C3208500825C6E /* BackgroundView.h */ = {isa = PBXFileReference; fileEncoding = 4; lastKnownFileType = sourcecode.c.h; path = BackgroundView.h; sourceTree = "<group>"; };
		DD4F7C4613C3208500825C6E /* BackgroundView.m */ = {isa = PBXFileReference; fileEncoding = 4; lastKnownFileType = sourcecode.c.objc; path = BackgroundView.m; sourceTree = "<group>"; };
/* End PBXFileReference section */

/* Begin PBXFrameworksBuildPhase section */
		DD4F7C0113C30F9F00825C6E /* Frameworks */ = {
			isa = PBXFrameworksBuildPhase;
			buildActionMask = 2147483647;
			files = (
				39910AB7164FFB3D00967014 /* Security.framework in Frameworks */,
				39C51FCD16345B81006BD1C8 /* WebKit.framework in Frameworks */,
				DD4F7C0913C30F9F00825C6E /* Cocoa.framework in Frameworks */,
				39A66FD2178214DC0073DB81 /* Sparkle.framework in Frameworks */,
			);
			runOnlyForDeploymentPostprocessing = 0;
		};
/* End PBXFrameworksBuildPhase section */

/* Begin PBXGroup section */
		3993ABC9163AC9380020AE61 /* Model */ = {
			isa = PBXGroup;
			children = (
				3993ABCB163AC97B0020AE61 /* SyncInstruction.h */,
				3993ABCC163AC97B0020AE61 /* SyncInstruction.m */,
				39EFBFB9164EA60400B160E0 /* PersistenceManager.h */,
				39EFBFBA164EA60400B160E0 /* PersistenceManager.m */,
			);
			name = Model;
			sourceTree = "<group>";
		};
		39A66FD3178215390073DB81 /* MASPreferences */ = {
			isa = PBXGroup;
			children = (
				39A66FD4178215430073DB81 /* MASPreferencesViewController.h */,
				39A66FD5178215430073DB81 /* MASPreferencesWindowController.h */,
				39A66FD6178215430073DB81 /* MASPreferencesWindow.xib */,
				39A66FD7178215430073DB81 /* MASPreferencesWindowController.m */,
			);
			name = MASPreferences;
			sourceTree = "<group>";
		};
		39C51FC9163440A1006BD1C8 /* Menu Item */ = {
			isa = PBXGroup;
			children = (
				DD4F7C3613C317A500825C6E /* MenubarController.h */,
				DD4F7C3713C317A500825C6E /* MenubarController.m */,
				DD4F7C3D13C318D600825C6E /* PanelController.h */,
				DD4F7C3E13C318D600825C6E /* PanelController.m */,
			);
			name = "Menu Item";
			sourceTree = "<group>";
		};
		39F8743E1634279400D9026F /* PutIO API */ = {
			isa = PBXGroup;
			children = (
				39A66FBB178213650073DB81 /* PutIOAPI.h */,
				39A66FBC178213650073DB81 /* PutIOAPI.m */,
				39A66FBD178213650073DB81 /* PutIOAPIAccountInfo.h */,
				39A66FBE178213650073DB81 /* PutIOAPIAccountInfo.m */,
				39A66FBF178213650073DB81 /* PutIOAPIFile.h */,
				39A66FC0178213650073DB81 /* PutIOAPIFile.m */,
				39A66FC1178213650073DB81 /* PutIOAPIObject.h */,
				39A66FC2178213650073DB81 /* PutIOAPIObject.m */,
				39C5B0AB16BD682D004E8D65 /* PutIOAPITransfer.h */,
				39C5B0AC16BD682D004E8D65 /* PutIOAPITransfer.m */,
			);
			name = "PutIO API";
			sourceTree = "<group>";
		};
		39F8744F1634347A00D9026F /* Preferences */ = {
			isa = PBXGroup;
			children = (
				39F874601634386300D9026F /* GeneralPreferences.h */,
				39F874611634386300D9026F /* GeneralPreferences.m */,
				3903FA7E177FAF4E00EC6ABB /* GeneralPreferences.xib */,
				39F874631634386300D9026F /* AccountPreferences.h */,
				39F874641634386300D9026F /* AccountPreferences.m */,
				39585BB4177FC592004B74B3 /* AccountPreferences.xib */,
				39F8744416342D9000D9026F /* AccountSetupController.h */,
				39F8744516342D9000D9026F /* AccountSetupController.m */,
				39A66FDA178215C90073DB81 /* AccountSetupController.xib */,
				3986C5BB163857C400F19764 /* SyncPreferences.h */,
				3986C5BC163857C400F19764 /* SyncPreferences.m */,
				39585BBC177FC5DE004B74B3 /* SyncPreferences.xib */,
				3993ABCE163AD36A0020AE61 /* SyncInstructionEditor.h */,
				3993ABCF163AD36A0020AE61 /* SyncInstructionEditor.m */,
				39585BC1177FC7F1004B74B3 /* SyncInstructionEditor.xib */,
			);
			name = Preferences;
			sourceTree = "<group>";
		};
		DD4F7BF913C30F9F00825C6E = {
			isa = PBXGroup;
			children = (
				DD4F7C1A13C30F9F00825C6E /* ApplicationDelegate.h */,
				DD4F7C1B13C30F9F00825C6E /* ApplicationDelegate.m */,
				39A66FCF178214C20073DB81 /* Media.xcassets */,
				3993ABC9163AC9380020AE61 /* Model */,
				39F8743E1634279400D9026F /* PutIO API */,
				DD4F7C2613C311DF00825C6E /* Controller */,
				DD4F7C3913C317EC00825C6E /* Views */,
				DD4F7C0713C30F9F00825C6E /* Frameworks */,
				DD4F7C0F13C30F9F00825C6E /* Supporting Files */,
				DD4F7C0513C30F9F00825C6E /* Products */,
			);
			sourceTree = "<group>";
		};
		DD4F7C0513C30F9F00825C6E /* Products */ = {
			isa = PBXGroup;
			children = (
				DD4F7C0413C30F9F00825C6E /* PutIOSync.app */,
			);
			name = Products;
			sourceTree = "<group>";
		};
		DD4F7C0713C30F9F00825C6E /* Frameworks */ = {
			isa = PBXGroup;
			children = (
				39A66FD3178215390073DB81 /* MASPreferences */,
				39A66FD1178214DC0073DB81 /* Sparkle.framework */,
				39910AB6164FFB3D00967014 /* Security.framework */,
				39C51FCC16345B81006BD1C8 /* WebKit.framework */,
				DD4F7C0B13C30F9F00825C6E /* AppKit.framework */,
				DD4F7C0C13C30F9F00825C6E /* CoreData.framework */,
				DD4F7C0D13C30F9F00825C6E /* Foundation.framework */,
				DD4F7C0813C30F9F00825C6E /* Cocoa.framework */,
			);
			name = Frameworks;
			sourceTree = "<group>";
		};
		DD4F7C0F13C30F9F00825C6E /* Supporting Files */ = {
			isa = PBXGroup;
			children = (
				39C51FCA16344ED0006BD1C8 /* UserDefaults.plist */,
				39A66FB8178213010073DB81 /* Utilities.h */,
				39A66FB9178213010073DB81 /* Utilities.m */,
				DD4F7C1013C30F9F00825C6E /* PutIOSync-Info.plist */,
				39585BB0177FC396004B74B3 /* Localizable.strings */,
				DD4F7C1613C30F9F00825C6E /* PutIOSync-Prefix.pch */,
				DD4F7C1413C30F9F00825C6E /* main.m */,
			);
			name = "Supporting Files";
			path = Popup;
			sourceTree = "<group>";
		};
		DD4F7C2613C311DF00825C6E /* Controller */ = {
			isa = PBXGroup;
			children = (
				39C51FC9163440A1006BD1C8 /* Menu Item */,
				39F8744F1634347A00D9026F /* Preferences */,
				39C51FC616343FBA006BD1C8 /* MainPanel.h */,
				39C51FC716343FBA006BD1C8 /* MainPanel.m */,
				3903FA6A177FABA400EC6ABB /* MainPanel.xib */,
				DD4F7C1D13C30F9F00825C6E /* MainMenu.xib */,
				392221C3163CAB140003352E /* PutIOFolderPicker.h */,
				392221C4163CAB140003352E /* PutIOFolderPicker.m */,
				3903FA70177FAD7C00EC6ABB /* PutIOFolderPicker.xib */,
				392460EF163EB36500954B64 /* SyncScheduler.h */,
				392460F0163EB36500954B64 /* SyncScheduler.m */,
				392460F3163EB38600954B64 /* SyncRunner.h */,
				392460F4163EB38600954B64 /* SyncRunner.m */,
				39910ABE16502B5300967014 /* PutIODownload.h */,
				39A66FCB178213D20073DB81 /* PutIODownload.m */,
				39C5B0AE16BD7709004E8D65 /* PutIOTransfersMonitor.h */,
				39C5B0AF16BD7709004E8D65 /* PutIOTransfersMonitor.m */,
			);
			name = Controller;
			path = Popup;
			sourceTree = "<group>";
		};
		DD4F7C3913C317EC00825C6E /* Views */ = {
			isa = PBXGroup;
			children = (
				DD4F7C4213C31BD200825C6E /* Panel.h */,
				DD4F7C4313C31BD200825C6E /* Panel.m */,
				DD4F7C3A13C3180800825C6E /* StatusItemView.h */,
				DD4F7C3B13C3180800825C6E /* StatusItemView.m */,
				DD4F7C4513C3208500825C6E /* BackgroundView.h */,
				DD4F7C4613C3208500825C6E /* BackgroundView.m */,
				39A86DDE1643F32D004CAAEE /* DownloadCellView.h */,
				39A86DDF1643F32D004CAAEE /* DownloadCellView.m */,
				39C5B0A816BD64A1004E8D65 /* TransferCellView.h */,
				39C5B0A916BD64A1004E8D65 /* TransferCellView.m */,
				391A9F3116E388E2003BDE51 /* PanelRowView.h */,
				391A9F3216E388E2003BDE51 /* PanelRowView.m */,
			);
			name = Views;
			path = Popup;
			sourceTree = "<group>";
		};
/* End PBXGroup section */

/* Begin PBXNativeTarget section */
		DD4F7C0313C30F9F00825C6E /* PutIOSync */ = {
			isa = PBXNativeTarget;
			buildConfigurationList = DD4F7C2213C30F9F00825C6E /* Build configuration list for PBXNativeTarget "PutIOSync" */;
			buildPhases = (
				DD4F7C0013C30F9F00825C6E /* Sources */,
				DD4F7C0113C30F9F00825C6E /* Frameworks */,
				DD4F7C0213C30F9F00825C6E /* Resources */,
				39910AC116503D4000967014 /* CopyFiles */,
			);
			buildRules = (
			);
			dependencies = (
			);
			name = PutIOSync;
			productName = Popup;
			productReference = DD4F7C0413C30F9F00825C6E /* PutIOSync.app */;
			productType = "com.apple.product-type.application";
		};
/* End PBXNativeTarget section */

/* Begin PBXProject section */
		DD4F7BFB13C30F9F00825C6E /* Project object */ = {
			isa = PBXProject;
			attributes = {
				LastUpgradeCheck = 0460;
				TargetAttributes = {
					DD4F7C0313C30F9F00825C6E = {
						SystemCapabilities = {
							com.apple.Keychain = {
								enabled = 0;
							};
						};
					};
				};
			};
			buildConfigurationList = DD4F7BFE13C30F9F00825C6E /* Build configuration list for PBXProject "PutIOSync" */;
			compatibilityVersion = "Xcode 3.2";
			developmentRegion = English;
			hasScannedForEncodings = 0;
			knownRegions = (
				en,
				de,
			);
			mainGroup = DD4F7BF913C30F9F00825C6E;
			productRefGroup = DD4F7C0513C30F9F00825C6E /* Products */;
			projectDirPath = "";
			projectRoot = "";
			targets = (
				DD4F7C0313C30F9F00825C6E /* PutIOSync */,
			);
		};
/* End PBXProject section */

/* Begin PBXResourcesBuildPhase section */
		DD4F7C0213C30F9F00825C6E /* Resources */ = {
			isa = PBXResourcesBuildPhase;
			buildActionMask = 2147483647;
			files = (
				DD4F7C1F13C30F9F00825C6E /* MainMenu.xib in Resources */,
				3903FA68177FABA400EC6ABB /* MainPanel.xib in Resources */,
				3903FA7C177FAF4E00EC6ABB /* GeneralPreferences.xib in Resources */,
				39585BB2177FC592004B74B3 /* AccountPreferences.xib in Resources */,
				39C51FCB16344ED0006BD1C8 /* UserDefaults.plist in Resources */,
				39A66FDC178215C90073DB81 /* AccountSetupController.xib in Resources */,
				39585BBA177FC5DE004B74B3 /* SyncPreferences.xib in Resources */,
				39585BBF177FC7F1004B74B3 /* SyncInstructionEditor.xib in Resources */,
				39A66FD8178215430073DB81 /* MASPreferencesWindow.xib in Resources */,
				3903FA6E177FAD7C00EC6ABB /* PutIOFolderPicker.xib in Resources */,
				39A66FD0178214C20073DB81 /* Media.xcassets in Resources */,
				39585BAE177FC396004B74B3 /* Localizable.strings in Resources */,
			);
			runOnlyForDeploymentPostprocessing = 0;
		};
/* End PBXResourcesBuildPhase section */

/* Begin PBXSourcesBuildPhase section */
		DD4F7C0013C30F9F00825C6E /* Sources */ = {
			isa = PBXSourcesBuildPhase;
			buildActionMask = 2147483647;
			files = (
				DD4F7C1513C30F9F00825C6E /* main.m in Sources */,
				DD4F7C1C13C30F9F00825C6E /* ApplicationDelegate.m in Sources */,
				DD4F7C3813C317A500825C6E /* MenubarController.m in Sources */,
				DD4F7C3C13C3180800825C6E /* StatusItemView.m in Sources */,
				DD4F7C3F13C318D600825C6E /* PanelController.m in Sources */,
				DD4F7C4413C31BD200825C6E /* Panel.m in Sources */,
				DD4F7C4713C3208500825C6E /* BackgroundView.m in Sources */,
				39A66FC5178213650073DB81 /* PutIOAPIFile.m in Sources */,
				39F8744616342D9000D9026F /* AccountSetupController.m in Sources */,
				39A66FCC178213D20073DB81 /* PutIODownload.m in Sources */,
				39F874661634386300D9026F /* GeneralPreferences.m in Sources */,
				39A66FC3178213650073DB81 /* PutIOAPI.m in Sources */,
				39F874681634386300D9026F /* AccountPreferences.m in Sources */,
				39C51FC816343FBA006BD1C8 /* MainPanel.m in Sources */,
				39A66FC6178213650073DB81 /* PutIOAPIObject.m in Sources */,
				3986C5BE163857C400F19764 /* SyncPreferences.m in Sources */,
				3993ABCD163AC97B0020AE61 /* SyncInstruction.m in Sources */,
				3993ABD1163AD36A0020AE61 /* SyncInstructionEditor.m in Sources */,
				392221C6163CAB140003352E /* PutIOFolderPicker.m in Sources */,
				39A66FC4178213650073DB81 /* PutIOAPIAccountInfo.m in Sources */,
				392460F1163EB36500954B64 /* SyncScheduler.m in Sources */,
				392460F5163EB38600954B64 /* SyncRunner.m in Sources */,
				39A86DE01643F32D004CAAEE /* DownloadCellView.m in Sources */,
				39A66FBA178213010073DB81 /* Utilities.m in Sources */,
				39EFBFBB164EA60400B160E0 /* PersistenceManager.m in Sources */,
				39C5B0AA16BD64A1004E8D65 /* TransferCellView.m in Sources */,
				39C5B0AD16BD682D004E8D65 /* PutIOAPITransfer.m in Sources */,
				39C5B0B016BD7709004E8D65 /* PutIOTransfersMonitor.m in Sources */,
				39A66FD9178215430073DB81 /* MASPreferencesWindowController.m in Sources */,
				391A9F3316E388E2003BDE51 /* PanelRowView.m in Sources */,
			);
			runOnlyForDeploymentPostprocessing = 0;
		};
/* End PBXSourcesBuildPhase section */

/* Begin PBXVariantGroup section */
		3903FA6A177FABA400EC6ABB /* MainPanel.xib */ = {
			isa = PBXVariantGroup;
			children = (
				3903FA69177FABA400EC6ABB /* en */,
				3903FA6C177FACF700EC6ABB /* de */,
			);
			name = MainPanel.xib;
			sourceTree = "<group>";
		};
		3903FA70177FAD7C00EC6ABB /* PutIOFolderPicker.xib */ = {
			isa = PBXVariantGroup;
			children = (
				3903FA6F177FAD7C00EC6ABB /* en */,
				3903FA71177FAD9400EC6ABB /* de */,
			);
			name = PutIOFolderPicker.xib;
			sourceTree = "<group>";
		};
		3903FA7E177FAF4E00EC6ABB /* GeneralPreferences.xib */ = {
			isa = PBXVariantGroup;
			children = (
				3903FA7D177FAF4E00EC6ABB /* en */,
				39585BAB177FBF88004B74B3 /* de */,
			);
			name = GeneralPreferences.xib;
			sourceTree = "<group>";
		};
		39585BB0177FC396004B74B3 /* Localizable.strings */ = {
			isa = PBXVariantGroup;
			children = (
				39585BAF177FC396004B74B3 /* en */,
				39585BB1177FC39A004B74B3 /* de */,
			);
			name = Localizable.strings;
			sourceTree = "<group>";
		};
		39585BB4177FC592004B74B3 /* AccountPreferences.xib */ = {
			isa = PBXVariantGroup;
			children = (
				39585BB3177FC592004B74B3 /* en */,
				39585BB5177FC597004B74B3 /* de */,
			);
			name = AccountPreferences.xib;
			sourceTree = "<group>";
		};
		39585BBC177FC5DE004B74B3 /* SyncPreferences.xib */ = {
			isa = PBXVariantGroup;
			children = (
				39585BBB177FC5DE004B74B3 /* en */,
				39585BBE177FC69D004B74B3 /* de */,
			);
			name = SyncPreferences.xib;
			sourceTree = "<group>";
		};
		39585BC1177FC7F1004B74B3 /* SyncInstructionEditor.xib */ = {
			isa = PBXVariantGroup;
			children = (
				39585BC0177FC7F1004B74B3 /* en */,
				39585BC2177FC7FC004B74B3 /* de */,
			);
			name = SyncInstructionEditor.xib;
			sourceTree = "<group>";
		};
		39A66FDA178215C90073DB81 /* AccountSetupController.xib */ = {
			isa = PBXVariantGroup;
			children = (
				39A66FDB178215C90073DB81 /* de */,
				39A66FDD178215D40073DB81 /* en */,
			);
			name = AccountSetupController.xib;
			sourceTree = "<group>";
		};
		DD4F7C1D13C30F9F00825C6E /* MainMenu.xib */ = {
			isa = PBXVariantGroup;
			children = (
				DD4F7C1E13C30F9F00825C6E /* en */,
				3903FA6D177FACF700EC6ABB /* de */,
			);
			name = MainMenu.xib;
			sourceTree = "<group>";
		};
/* End PBXVariantGroup section */

/* Begin XCBuildConfiguration section */
		DD4F7C2013C30F9F00825C6E /* Debug */ = {
			isa = XCBuildConfiguration;
			buildSettings = {
				ALWAYS_SEARCH_USER_PATHS = NO;
				ARCHS = "$(ARCHS_STANDARD_64_BIT)";
				CLANG_WARN_CONSTANT_CONVERSION = YES;
				CLANG_WARN_DEPRECATED_OBJC_IMPLEMENTATIONS = YES;
				CLANG_WARN_ENUM_CONVERSION = YES;
				CLANG_WARN_INT_CONVERSION = YES;
				CLANG_WARN__DUPLICATE_METHOD_MATCH = YES;
				COPY_PHASE_STRIP = NO;
				GCC_C_LANGUAGE_STANDARD = gnu99;
				GCC_DYNAMIC_NO_PIC = NO;
				GCC_ENABLE_OBJC_EXCEPTIONS = YES;
				GCC_OPTIMIZATION_LEVEL = 0;
				GCC_PREPROCESSOR_DEFINITIONS = (
					"DEBUG=1",
					"$(inherited)",
				);
				GCC_SYMBOLS_PRIVATE_EXTERN = NO;
				GCC_VERSION = com.apple.compilers.llvm.clang.1_0;
				GCC_WARN_64_TO_32_BIT_CONVERSION = YES;
				GCC_WARN_ABOUT_MISSING_PROTOTYPES = YES;
				GCC_WARN_ABOUT_RETURN_TYPE = YES;
				GCC_WARN_UNINITIALIZED_AUTOS = YES;
				GCC_WARN_UNUSED_VARIABLE = YES;
				MACOSX_DEPLOYMENT_TARGET = 10.6;
				ONLY_ACTIVE_ARCH = YES;
				SDKROOT = macosx;
			};
			name = Debug;
		};
		DD4F7C2113C30F9F00825C6E /* Release */ = {
			isa = XCBuildConfiguration;
			buildSettings = {
				ALWAYS_SEARCH_USER_PATHS = NO;
				ARCHS = "$(ARCHS_STANDARD_64_BIT)";
				CLANG_WARN_CONSTANT_CONVERSION = YES;
				CLANG_WARN_DEPRECATED_OBJC_IMPLEMENTATIONS = YES;
				CLANG_WARN_ENUM_CONVERSION = YES;
				CLANG_WARN_INT_CONVERSION = YES;
				CLANG_WARN__DUPLICATE_METHOD_MATCH = YES;
				COPY_PHASE_STRIP = YES;
				DEBUG_INFORMATION_FORMAT = "dwarf-with-dsym";
				GCC_C_LANGUAGE_STANDARD = gnu99;
				GCC_ENABLE_OBJC_EXCEPTIONS = YES;
				GCC_VERSION = com.apple.compilers.llvm.clang.1_0;
				GCC_WARN_64_TO_32_BIT_CONVERSION = YES;
				GCC_WARN_ABOUT_MISSING_PROTOTYPES = YES;
				GCC_WARN_ABOUT_RETURN_TYPE = YES;
				GCC_WARN_UNINITIALIZED_AUTOS = YES;
				GCC_WARN_UNUSED_VARIABLE = YES;
				MACOSX_DEPLOYMENT_TARGET = 10.6;
				SDKROOT = macosx;
			};
			name = Release;
		};
		DD4F7C2313C30F9F00825C6E /* Debug */ = {
			isa = XCBuildConfiguration;
			buildSettings = {
				ASSETCATALOG_COMPILER_APPICON_NAME = AppIcon;
				CLANG_ENABLE_OBJC_ARC = YES;
				CODE_SIGN_IDENTITY = "";
				COMBINE_HIDPI_IMAGES = YES;
				FRAMEWORK_SEARCH_PATHS = (
					"$(inherited)",
					"$(SRCROOT)",
					"$(SRCROOT)/Frameworks",
				);
				GCC_PRECOMPILE_PREFIX_HEADER = YES;
				GCC_PREFIX_HEADER = "Popup/PutIOSync-Prefix.pch";
				INFOPLIST_FILE = "Popup/PutIOSync-Info.plist";
				MACOSX_DEPLOYMENT_TARGET = 10.7;
				PRODUCT_NAME = PutIOSync;
				WRAPPER_EXTENSION = app;
			};
			name = Debug;
		};
		DD4F7C2413C30F9F00825C6E /* Release */ = {
			isa = XCBuildConfiguration;
			buildSettings = {
				ASSETCATALOG_COMPILER_APPICON_NAME = AppIcon;
				CLANG_ENABLE_OBJC_ARC = YES;
				CODE_SIGN_IDENTITY = "";
				COMBINE_HIDPI_IMAGES = YES;
				FRAMEWORK_SEARCH_PATHS = (
					"$(inherited)",
					"$(SRCROOT)",
					"$(SRCROOT)/Frameworks",
				);
				GCC_PRECOMPILE_PREFIX_HEADER = YES;
				GCC_PREFIX_HEADER = "Popup/PutIOSync-Prefix.pch";
				INFOPLIST_FILE = "Popup/PutIOSync-Info.plist";
				MACOSX_DEPLOYMENT_TARGET = 10.7;
				PRODUCT_NAME = PutIOSync;
				WRAPPER_EXTENSION = app;
			};
			name = Release;
		};
/* End XCBuildConfiguration section */

/* Begin XCConfigurationList section */
		DD4F7BFE13C30F9F00825C6E /* Build configuration list for PBXProject "PutIOSync" */ = {
			isa = XCConfigurationList;
			buildConfigurations = (
				DD4F7C2013C30F9F00825C6E /* Debug */,
				DD4F7C2113C30F9F00825C6E /* Release */,
			);
			defaultConfigurationIsVisible = 0;
			defaultConfigurationName = Release;
		};
		DD4F7C2213C30F9F00825C6E /* Build configuration list for PBXNativeTarget "PutIOSync" */ = {
			isa = XCConfigurationList;
			buildConfigurations = (
				DD4F7C2313C30F9F00825C6E /* Debug */,
				DD4F7C2413C30F9F00825C6E /* Release */,
			);
			defaultConfigurationIsVisible = 0;
			defaultConfigurationName = Release;
		};
/* End XCConfigurationList section */
	};
	rootObject = DD4F7BFB13C30F9F00825C6E /* Project object */;
}
